
Microsoft Visual Studio Solution File, Format Version 12.00
# Visual Studio Version 17
VisualStudioVersion = 17.5.33627.172
MinimumVisualStudioVersion = 10.0.40219.1
Project("{9A19103F-16F7-4668-BE54-9A1E7A4F7556}") = "SegundoParcialLaboratorio", "SegundoParcialLaboratorio\SegundoParcialLaboratorio.csproj", "{AB35FA7E-3770-4FCC-9850-0368F73C987A}"
EndProject
Project("{9A19103F-16F7-4668-BE54-9A1E7A4F7556}") = "ClasesCarniceria", "Carniceria\ClasesCarniceria.csproj", "{3145F62D-D335-40C8-A3BB-B1F786361749}"
EndProject
Project("{FAE04EC0-301F-11D3-BF4B-00C04F79EFBC}") = "Pruebas", "Pruebas\Pruebas.csproj", "{6E65FD09-BBEB-4D41-9425-0FFB400A9506}"
EndProject
Global
	GlobalSection(SolutionConfigurationPlatforms) = preSolution
		Debug|Any CPU = Debug|Any CPU
		Release|Any CPU = Release|Any CPU
	EndGlobalSection
	GlobalSection(ProjectConfigurationPlatforms) = postSolution
		{AB35FA7E-3770-4FCC-9850-0368F73C987A}.Debug|Any CPU.ActiveCfg = Debug|Any CPU
		{AB35FA7E-3770-4FCC-9850-0368F73C987A}.Debug|Any CPU.Build.0 = Debug|Any CPU
		{AB35FA7E-3770-4FCC-9850-0368F73C987A}.Release|Any CPU.ActiveCfg = Release|Any CPU
		{AB35FA7E-3770-4FCC-9850-0368F73C987A}.Release|Any CPU.Build.0 = Release|Any CPU
		{3145F62D-D335-40C8-A3BB-B1F786361749}.Debug|Any CPU.ActiveCfg = Debug|Any CPU
		{3145F62D-D335-40C8-A3BB-B1F786361749}.Debug|Any CPU.Build.0 = Debug|Any CPU
		{3145F62D-D335-40C8-A3BB-B1F786361749}.Release|Any CPU.ActiveCfg = Release|Any CPU
		{3145F62D-D335-40C8-A3BB-B1F786361749}.Release|Any CPU.Build.0 = Release|Any CPU
		{6E65FD09-BBEB-4D41-9425-0FFB400A9506}.Debug|Any CPU.ActiveCfg = Debug|Any CPU
		{6E65FD09-BBEB-4D41-9425-0FFB400A9506}.Debug|Any CPU.Build.0 = Debug|Any CPU
		{6E65FD09-BBEB-4D41-9425-0FFB400A9506}.Release|Any CPU.ActiveCfg = Release|Any CPU
		{6E65FD09-BBEB-4D41-9425-0FFB400A9506}.Release|Any CPU.Build.0 = Release|Any CPU
	EndGlobalSection
	GlobalSection(SolutionProperties) = preSolution
		HideSolutionNode = FALSE
	EndGlobalSection
	GlobalSection(ExtensibilityGlobals) = postSolution
		SolutionGuid = {C95C0744-146D-4B5C-8703-A33A5B4F8D9B}
	EndGlobalSection
EndGlobal
